GIT
  remote: https://github.com/DiaboliFelis/the_labyrinths.git
  revision: 2321334c0c41269377ea98b873e9e5b1ffa18990
  specs:
    the_labyrinths (0.1.0)
      chunky_png (~> 1.4)

GEM
  remote: https://rubygems.org/
  specs:
    chunky_png (1.4.0)
    diff-lcs (1.6.2)
    domain_name (0.6.20240107)
    dotenv (3.2.0)
    ffi (1.17.4-x64-mingw-ucrt)
    http-accept (1.7.0)
    http-cookie (1.1.0)
      domain_name (~> 0.5)
    logger (1.7.0)
    mime-types (3.7.0)
      logger
      mime-types-data (~> 3.2025, >= 3.2025.0507)
    mime-types-data (3.2026.0331)
    netrc (0.11.0)
    rest-client (2.1.0)
      http-accept (>= 1.7.0, < 2.0)
      http-cookie (>= 1.0.2, < 2.0)
      mime-types (>= 1.16, < 4.0)
      netrc (~> 0.8)
    rspec (3.13.2)
      rspec-core (~> 3.13.0)
      rspec-expectations (~> 3.13.0)
      rspec-mocks (~> 3.13.0)
    rspec-core (3.13.6)
      rspec-support (~> 3.13.0)
    rspec-expectations (3.13.5)
      diff-lcs (>= 1.2.0, < 2.0)
      rspec-support (~> 3.13.0)
    rspec-mocks (3.13.8)
      diff-lcs (>= 1.2.0, < 2.0)
      rspec-support (~> 3.13.0)
    rspec-support (3.13.7)

PLATFORMS
  x64-mingw-ucrt

DEPENDENCIES
  dotenv
  ffi
  rest-client
  rspec
  the_labyrinths!

CHECKSUMS
  chunky_png (1.4.0) sha256=89d5b31b55c0cf4da3cf89a2b4ebc3178d8abe8cbaf116a1dba95668502fdcfe
  diff-lcs (1.6.2) sha256=9ae0d2cba7d4df3075fe8cd8602a8604993efc0dfa934cff568969efb1909962
  domain_name (0.6.20240107) sha256=5f693b2215708476517479bf2b3802e49068ad82167bcd2286f899536a17d933
  dotenv (3.2.0) sha256=e375b83121ea7ca4ce20f214740076129ab8514cd81378161f11c03853fe619d
  ffi (1.17.4-x64-mingw-ucrt) sha256=f6ff9618cfccc494138bddade27aa06c74c6c7bc367a1ea1103d80c2fcb9ed35
  http-accept (1.7.0) sha256=c626860682bfbb3b46462f8c39cd470fd7b0584f61b3cc9df5b2e9eb9972a126
  http-cookie (1.1.0) sha256=38a5e60d1527eebc396831b8c4b9455440509881219273a6c99943d29eadbb19
  logger (1.7.0) sha256=196edec7cc44b66cfb40f9755ce11b392f21f7967696af15d274dde7edff0203
  mime-types (3.7.0) sha256=dcebf61c246f08e15a4de34e386ebe8233791e868564a470c3fe77c00eed5e56
  mime-types-data (3.2026.0331) sha256=e9942b1fac72532e2b201b0c32c52e7650ef5ef8ca043a5054674597795c97a5
  netrc (0.11.0) sha256=de1ce33da8c99ab1d97871726cba75151113f117146becbe45aa85cb3dabee3f
  rest-client (2.1.0) sha256=35a6400bdb14fae28596618e312776c158f7ebbb0ccad752ff4fa142bf2747e3
  rspec (3.13.2) sha256=206284a08ad798e61f86d7ca3e376718d52c0bc944626b2349266f239f820587
  rspec-core (3.13.6) sha256=a8823c6411667b60a8bca135364351dda34cd55e44ff94c4be4633b37d828b2d
  rspec-expectations (3.13.5) sha256=33a4d3a1d95060aea4c94e9f237030a8f9eae5615e9bd85718fe3a09e4b58836
  rspec-mocks (3.13.8) sha256=086ad3d3d17533f4237643de0b5c42f04b66348c28bf6b9c2d3f4a3b01af1d47
  rspec-support (3.13.7) sha256=0640e5570872aafefd79867901deeeeb40b0c9875a36b983d85f54fb7381c47c
  the_labyrinths (0.1.0)

BUNDLED WITH
  4.0.9
